
Microsoft Visual Studio Solution File, Format Version 12.00
# Visual Studio 15
VisualStudioVersion = 15.0.27130.2024
MinimumVisualStudioVersion = 10.0.40219.1
Project("{9A19103F-16F7-4668-BE54-9A1E7A4F7556}") = "ASSET.WebSite", "MSST.WebSite\ASSET.WebSite.csproj", "{C5CD01B2-01C4-43D0-8D09-9EA33156F3D8}"
EndProject
Project("{9A19103F-16F7-4668-BE54-9A1E7A4F7556}") = "ASSET.Models", "MSST.Models\ASSET.Models.csproj", "{7A8506AA-042B-4E7D-B8E7-964074DBF69B}"
EndProject
Project("{9A19103F-16F7-4668-BE54-9A1E7A4F7556}") = "ASSET.Data", "MSST.Data\ASSET.Data.csproj", "{EEDEF7E8-8ED9-4AD2-8C0F-5DE723FC4025}"
EndProject
Project("{9A19103F-16F7-4668-BE54-9A1E7A4F7556}") = "ASSET.Services", "MSST.Services\ASSET.Services.csproj", "{F73A98B5-463A-4A46-9DF3-B6933388FF98}"
EndProject
Project("{9A19103F-16F7-4668-BE54-9A1E7A4F7556}") = "ASSET.Common", "MSST.Common\ASSET.Common.csproj", "{5F036ECB-98F9-4127-96FE-70C35C0E5094}"
EndProject
Global
	GlobalSection(SolutionConfigurationPlatforms) = preSolution
		Debug|Any CPU = Debug|Any CPU
		Release|Any CPU = Release|Any CPU
	EndGlobalSection
	GlobalSection(ProjectConfigurationPlatforms) = postSolution
		{C5CD01B2-01C4-43D0-8D09-9EA33156F3D8}.Debug|Any CPU.ActiveCfg = Debug|Any CPU
		{C5CD01B2-01C4-43D0-8D09-9EA33156F3D8}.Debug|Any CPU.Build.0 = Debug|Any CPU
		{C5CD01B2-01C4-43D0-8D09-9EA33156F3D8}.Release|Any CPU.ActiveCfg = Release|Any CPU
		{C5CD01B2-01C4-43D0-8D09-9EA33156F3D8}.Release|Any CPU.Build.0 = Release|Any CPU
		{7A8506AA-042B-4E7D-B8E7-964074DBF69B}.Debug|Any CPU.ActiveCfg = Debug|Any CPU
		{7A8506AA-042B-4E7D-B8E7-964074DBF69B}.Debug|Any CPU.Build.0 = Debug|Any CPU
		{7A8506AA-042B-4E7D-B8E7-964074DBF69B}.Release|Any CPU.ActiveCfg = Release|Any CPU
		{7A8506AA-042B-4E7D-B8E7-964074DBF69B}.Release|Any CPU.Build.0 = Release|Any CPU
		{EEDEF7E8-8ED9-4AD2-8C0F-5DE723FC4025}.Debug|Any CPU.ActiveCfg = Debug|Any CPU
		{EEDEF7E8-8ED9-4AD2-8C0F-5DE723FC4025}.Debug|Any CPU.Build.0 = Debug|Any CPU
		{EEDEF7E8-8ED9-4AD2-8C0F-5DE723FC4025}.Release|Any CPU.ActiveCfg = Release|Any CPU
		{EEDEF7E8-8ED9-4AD2-8C0F-5DE723FC4025}.Release|Any CPU.Build.0 = Release|Any CPU
		{F73A98B5-463A-4A46-9DF3-B6933388FF98}.Debug|Any CPU.ActiveCfg = Debug|Any CPU
		{F73A98B5-463A-4A46-9DF3-B6933388FF98}.Debug|Any CPU.Build.0 = Debug|Any CPU
		{F73A98B5-463A-4A46-9DF3-B6933388FF98}.Release|Any CPU.ActiveCfg = Release|Any CPU
		{F73A98B5-463A-4A46-9DF3-B6933388FF98}.Release|Any CPU.Build.0 = Release|Any CPU
		{5F036ECB-98F9-4127-96FE-70C35C0E5094}.Debug|Any CPU.ActiveCfg = Debug|Any CPU
		{5F036ECB-98F9-4127-96FE-70C35C0E5094}.Debug|Any CPU.Build.0 = Debug|Any CPU
		{5F036ECB-98F9-4127-96FE-70C35C0E5094}.Release|Any CPU.ActiveCfg = Release|Any CPU
		{5F036ECB-98F9-4127-96FE-70C35C0E5094}.Release|Any CPU.Build.0 = Release|Any CPU
	EndGlobalSection
	GlobalSection(SolutionProperties) = preSolution
		HideSolutionNode = FALSE
	EndGlobalSection
	GlobalSection(ExtensibilityGlobals) = postSolution
		SolutionGuid = {5B6179A6-3788-4162-819F-AC93A4E828C4}
	EndGlobalSection
EndGlobal
